// !$*UTF8*$!
{
	archiveVersion = 1;
	classes = {
	};
	objectVersion = 55;
	objects = {

/* Begin PBXBuildFile section */
		460AD9FC2835D08F0069C15F /* PickAnimationView.swift in Sources */ = {isa = PBXBuildFile; fileRef = 460AD9FB2835D08F0069C15F /* PickAnimationView.swift */; };
		460ADA002835D1F70069C15F /* 105599-moody-dog.json in Resources */ = {isa = PBXBuildFile; fileRef = 460AD9FF2835D1F70069C15F /* 105599-moody-dog.json */; };
		460ADA042835D2190069C15F /* 105188-berry-the-old-man.json in Resources */ = {isa = PBXBuildFile; fileRef = 460ADA032835D2190069C15F /* 105188-berry-the-old-man.json */; };
		460ADA082835D2AE0069C15F /* LottieImage.swift in Sources */ = {isa = PBXBuildFile; fileRef = 460ADA072835D2AE0069C15F /* LottieImage.swift */; };
		46172481283C6E5900E8E219 /* TakeNoteView.swift in Sources */ = {isa = PBXBuildFile; fileRef = 46172480283C6E5900E8E219 /* TakeNoteView.swift */; };
		4629F98B283E006A00BD45B5 /* NotificationManager.swift in Sources */ = {isa = PBXBuildFile; fileRef = 4629F98A283E006A00BD45B5 /* NotificationManager.swift */; };
		4629F98D283E2DE200BD45B5 /* ImagePicker.swift in Sources */ = {isa = PBXBuildFile; fileRef = 4629F98C283E2DE200BD45B5 /* ImagePicker.swift */; };
		4642BBFF283342080073162A /* TimeCounterApp.swift in Sources */ = {isa = PBXBuildFile; fileRef = 4642BBFE283342080073162A /* TimeCounterApp.swift */; };
		4642BC01283342080073162A /* ContentView.swift in Sources */ = {isa = PBXBuildFile; fileRef = 4642BC00283342080073162A /* ContentView.swift */; };
		4642BC032833420C0073162A /* Assets.xcassets in Resources */ = {isa = PBXBuildFile; fileRef = 4642BC022833420C0073162A /* Assets.xcassets */; };
		4642BC062833420C0073162A /* Preview Assets.xcassets in Resources */ = {isa = PBXBuildFile; fileRef = 4642BC052833420C0073162A /* Preview Assets.xcassets */; };
		4642BC142833445F0073162A /* 105000-tourist-enjoying-the-walk.json in Resources */ = {isa = PBXBuildFile; fileRef = 4642BC132833445E0073162A /* 105000-tourist-enjoying-the-walk.json */; };
		4642BC18283345740073162A /* Color+extension.swift in Sources */ = {isa = PBXBuildFile; fileRef = 4642BC17283345740073162A /* Color+extension.swift */; };
		4642BC1B283346950073162A /* Palette Color .swift in Sources */ = {isa = PBXBuildFile; fileRef = 4642BC1A283346950073162A /* Palette Color .swift */; };
		4642BC252833748E0073162A /* TimerView.swift in Sources */ = {isa = PBXBuildFile; fileRef = 4642BC242833748E0073162A /* TimerView.swift */; };
		4642BC2A28337A110073162A /* Technology-Bold.ttf in Resources */ = {isa = PBXBuildFile; fileRef = 4642BC2628337A110073162A /* Technology-Bold.ttf */; };
		4642BC2B28337A110073162A /* Technology-Italic.ttf in Resources */ = {isa = PBXBuildFile; fileRef = 4642BC2728337A110073162A /* Technology-Italic.ttf */; };
		4642BC2C28337A110073162A /* Technology-BoldItalic.ttf in Resources */ = {isa = PBXBuildFile; fileRef = 4642BC2828337A110073162A /* Technology-BoldItalic.ttf */; };
		4642BC2D28337A110073162A /* Technology.ttf in Resources */ = {isa = PBXBuildFile; fileRef = 4642BC2928337A110073162A /* Technology.ttf */; };
		4642BC3128337B3B0073162A /* Fonts.swift in Sources */ = {isa = PBXBuildFile; fileRef = 4642BC3028337B3B0073162A /* Fonts.swift */; };
		4642BC33283386AD0073162A /* 87082-love-heart.json in Resources */ = {isa = PBXBuildFile; fileRef = 4642BC32283386AC0073162A /* 87082-love-heart.json */; };
		4666B65528349B7500A5C65E /* TDetailView.swift in Sources */ = {isa = PBXBuildFile; fileRef = 4666B65428349B7500A5C65E /* TDetailView.swift */; };
		4666B65728349BB800A5C65E /* TDetailViewModel.swift in Sources */ = {isa = PBXBuildFile; fileRef = 4666B65628349BB800A5C65E /* TDetailViewModel.swift */; };
		4666B65A2834A3C600A5C65E /* PickColorView.swift in Sources */ = {isa = PBXBuildFile; fileRef = 4666B6592834A3C600A5C65E /* PickColorView.swift */; };
		4672AB7D28347DE800ACB775 /* 105407-rocketship-smoke-trail.json in Resources */ = {isa = PBXBuildFile; fileRef = 4672AB7C28347DE800ACB775 /* 105407-rocketship-smoke-trail.json */; };
		467D66422834949200D764DF /* MenuPicker.swift in Sources */ = {isa = PBXBuildFile; fileRef = 467D66412834949200D764DF /* MenuPicker.swift */; };
		467FB86528338BC20067FBE8 /* AlertVC+.swift in Sources */ = {isa = PBXBuildFile; fileRef = 467FB86428338BC20067FBE8 /* AlertVC+.swift */; };
		467FB869283393B50067FBE8 /* TextField+.swift in Sources */ = {isa = PBXBuildFile; fileRef = 467FB868283393B50067FBE8 /* TextField+.swift */; };
		46B3AEC528362FDB00EF0E65 /* 61224-beer-can.json in Resources */ = {isa = PBXBuildFile; fileRef = 46B3AEC428362FDB00EF0E65 /* 61224-beer-can.json */; };
		46B3AEC92836340600EF0E65 /* 72515-graduation.json in Resources */ = {isa = PBXBuildFile; fileRef = 46B3AEC62836340600EF0E65 /* 72515-graduation.json */; };
		46B3AECB2836340600EF0E65 /* 83304-birthday-flutterflow-branded.json in Resources */ = {isa = PBXBuildFile; fileRef = 46B3AEC82836340600EF0E65 /* 83304-birthday-flutterflow-branded.json */; };
		46B3AECD2836436C00EF0E65 /* DateComponent.swift in Sources */ = {isa = PBXBuildFile; fileRef = 46B3AECC2836436C00EF0E65 /* DateComponent.swift */; };
		46B730F028475254009B05A2 /* UserDefault+.swift in Sources */ = {isa = PBXBuildFile; fileRef = 46B730EF28475254009B05A2 /* UserDefault+.swift */; };
		E351958F2E44BC7500E9DA40 /* CounterModel.swift in Sources */ = {isa = PBXBuildFile; fileRef = E351958E2E44BC7200E9DA40 /* CounterModel.swift */; };
		E38C410C283A14F300D4298A /* TaskModel.swift in Sources */ = {isa = PBXBuildFile; fileRef = E38C410B283A14F300D4298A /* TaskModel.swift */; };
		E38C4110283A186900D4298A /* TodoView.swift in Sources */ = {isa = PBXBuildFile; fileRef = E38C410F283A186800D4298A /* TodoView.swift */; };
		E38C4112283A187D00D4298A /* TodoViewModel.swift in Sources */ = {isa = PBXBuildFile; fileRef = E38C4111283A187D00D4298A /* TodoViewModel.swift */; };
		E3A4A3352E43611B00165F6A /* Lottie in Frameworks */ = {isa = PBXBuildFile; productRef = E3A4A3342E43611B00165F6A /* Lottie */; };
/* End PBXBuildFile section */

/* Begin PBXFileReference section */
		460AD9FB2835D08F0069C15F /* PickAnimationView.swift */ = {isa = PBXFileReference; lastKnownFileType = sourcecode.swift; path = PickAnimationView.swift; sourceTree = "<group>"; };
		460AD9FF2835D1F70069C15F /* 105599-moody-dog.json */ = {isa = PBXFileReference; fileEncoding = 4; lastKnownFileType = text.json; path = "105599-moody-dog.json"; sourceTree = "<group>"; };
		460ADA032835D2190069C15F /* 105188-berry-the-old-man.json */ = {isa = PBXFileReference; fileEncoding = 4; lastKnownFileType = text.json; path = "105188-berry-the-old-man.json"; sourceTree = "<group>"; };
		460ADA072835D2AE0069C15F /* LottieImage.swift */ = {isa = PBXFileReference; lastKnownFileType = sourcecode.swift; path = LottieImage.swift; sourceTree = "<group>"; };
		46172480283C6E5900E8E219 /* TakeNoteView.swift */ = {isa = PBXFileReference; lastKnownFileType = sourcecode.swift; path = TakeNoteView.swift; sourceTree = "<group>"; };
		4629F98A283E006A00BD45B5 /* NotificationManager.swift */ = {isa = PBXFileReference; lastKnownFileType = sourcecode.swift; path = NotificationManager.swift; sourceTree = "<group>"; };
		4629F98C283E2DE200BD45B5 /* ImagePicker.swift */ = {isa = PBXFileReference; lastKnownFileType = sourcecode.swift; path = ImagePicker.swift; sourceTree = "<group>"; };
		4642BBFB283342080073162A /* TimeCounter.app */ = {isa = PBXFileReference; explicitFileType = wrapper.application; includeInIndex = 0; path = TimeCounter.app; sourceTree = BUILT_PRODUCTS_DIR; };
		4642BBFE283342080073162A /* TimeCounterApp.swift */ = {isa = PBXFileReference; lastKnownFileType = sourcecode.swift; path = TimeCounterApp.swift; sourceTree = "<group>"; };
		4642BC00283342080073162A /* ContentView.swift */ = {isa = PBXFileReference; lastKnownFileType = sourcecode.swift; path = ContentView.swift; sourceTree = "<group>"; };
		4642BC022833420C0073162A /* Assets.xcassets */ = {isa = PBXFileReference; lastKnownFileType = folder.assetcatalog; path = Assets.xcassets; sourceTree = "<group>"; };
		4642BC052833420C0073162A /* Preview Assets.xcassets */ = {isa = PBXFileReference; lastKnownFileType = folder.assetcatalog; path = "Preview Assets.xcassets"; sourceTree = "<group>"; };
		4642BC132833445E0073162A /* 105000-tourist-enjoying-the-walk.json */ = {isa = PBXFileReference; fileEncoding = 4; lastKnownFileType = text.json; path = "105000-tourist-enjoying-the-walk.json"; sourceTree = "<group>"; };
		4642BC17283345740073162A /* Color+extension.swift */ = {isa = PBXFileReference; fileEncoding = 4; lastKnownFileType = sourcecode.swift; path = "Color+extension.swift"; sourceTree = "<group>"; };
		4642BC1A283346950073162A /* Palette Color .swift */ = {isa = PBXFileReference; lastKnownFileType = sourcecode.swift; path = "Palette Color .swift"; sourceTree = "<group>"; };
		4642BC242833748E0073162A /* TimerView.swift */ = {isa = PBXFileReference; lastKnownFileType = sourcecode.swift; path = TimerView.swift; sourceTree = "<group>"; };
		4642BC2628337A110073162A /* Technology-Bold.ttf */ = {isa = PBXFileReference; lastKnownFileType = file; path = "Technology-Bold.ttf"; sourceTree = "<group>"; };
		4642BC2728337A110073162A /* Technology-Italic.ttf */ = {isa = PBXFileReference; lastKnownFileType = file; path = "Technology-Italic.ttf"; sourceTree = "<group>"; };
		4642BC2828337A110073162A /* Technology-BoldItalic.ttf */ = {isa = PBXFileReference; lastKnownFileType = file; path = "Technology-BoldItalic.ttf"; sourceTree = "<group>"; };
		4642BC2928337A110073162A /* Technology.ttf */ = {isa = PBXFileReference; lastKnownFileType = file; path = Technology.ttf; sourceTree = "<group>"; };
		4642BC2F28337ABC0073162A /* Info.plist */ = {isa = PBXFileReference; lastKnownFileType = text.plist; path = Info.plist; sourceTree = "<group>"; };
		4642BC3028337B3B0073162A /* Fonts.swift */ = {isa = PBXFileReference; lastKnownFileType = sourcecode.swift; path = Fonts.swift; sourceTree = "<group>"; };
		4642BC32283386AC0073162A /* 87082-love-heart.json */ = {isa = PBXFileReference; fileEncoding = 4; lastKnownFileType = text.json; path = "87082-love-heart.json"; sourceTree = "<group>"; };
		4666B65428349B7500A5C65E /* TDetailView.swift */ = {isa = PBXFileReference; lastKnownFileType = sourcecode.swift; path = TDetailView.swift; sourceTree = "<group>"; };
		4666B65628349BB800A5C65E /* TDetailViewModel.swift */ = {isa = PBXFileReference; lastKnownFileType = sourcecode.swift; path = TDetailViewModel.swift; sourceTree = "<group>"; };
		4666B6592834A3C600A5C65E /* PickColorView.swift */ = {isa = PBXFileReference; lastKnownFileType = sourcecode.swift; path = PickColorView.swift; sourceTree = "<group>"; };
		4672AB7C28347DE800ACB775 /* 105407-rocketship-smoke-trail.json */ = {isa = PBXFileReference; fileEncoding = 4; lastKnownFileType = text.json; path = "105407-rocketship-smoke-trail.json"; sourceTree = "<group>"; };
		467D66412834949200D764DF /* MenuPicker.swift */ = {isa = PBXFileReference; lastKnownFileType = sourcecode.swift; path = MenuPicker.swift; sourceTree = "<group>"; };
		467FB86428338BC20067FBE8 /* AlertVC+.swift */ = {isa = PBXFileReference; lastKnownFileType = sourcecode.swift; path = "AlertVC+.swift"; sourceTree = "<group>"; };
		467FB868283393B50067FBE8 /* TextField+.swift */ = {isa = PBXFileReference; lastKnownFileType = sourcecode.swift; path = "TextField+.swift"; sourceTree = "<group>"; };
		46B3AEC428362FDB00EF0E65 /* 61224-beer-can.json */ = {isa = PBXFileReference; fileEncoding = 4; lastKnownFileType = text.json; path = "61224-beer-can.json"; sourceTree = "<group>"; };
		46B3AEC62836340600EF0E65 /* 72515-graduation.json */ = {isa = PBXFileReference; fileEncoding = 4; lastKnownFileType = text.json; path = "72515-graduation.json"; sourceTree = "<group>"; };
		46B3AEC82836340600EF0E65 /* 83304-birthday-flutterflow-branded.json */ = {isa = PBXFileReference; fileEncoding = 4; lastKnownFileType = text.json; path = "83304-birthday-flutterflow-branded.json"; sourceTree = "<group>"; };
		46B3AECC2836436C00EF0E65 /* DateComponent.swift */ = {isa = PBXFileReference; lastKnownFileType = sourcecode.swift; path = DateComponent.swift; sourceTree = "<group>"; };
		46B730EF28475254009B05A2 /* UserDefault+.swift */ = {isa = PBXFileReference; lastKnownFileType = sourcecode.swift; path = "UserDefault+.swift"; sourceTree = "<group>"; };
		E351958E2E44BC7200E9DA40 /* CounterModel.swift */ = {isa = PBXFileReference; lastKnownFileType = sourcecode.swift; path = CounterModel.swift; sourceTree = "<group>"; };
		E38C410B283A14F300D4298A /* TaskModel.swift */ = {isa = PBXFileReference; lastKnownFileType = sourcecode.swift; path = TaskModel.swift; sourceTree = "<group>"; };
		E38C410F283A186800D4298A /* TodoView.swift */ = {isa = PBXFileReference; fileEncoding = 4; lastKnownFileType = sourcecode.swift; path = TodoView.swift; sourceTree = "<group>"; };
		E38C4111283A187D00D4298A /* TodoViewModel.swift */ = {isa = PBXFileReference; lastKnownFileType = sourcecode.swift; path = TodoViewModel.swift; sourceTree = "<group>"; };
/* End PBXFileReference section */

/* Begin PBXFrameworksBuildPhase section */
		4642BBF8283342080073162A /* Frameworks */ = {
			isa = PBXFrameworksBuildPhase;
			buildActionMask = 2147483647;
			files = (
				E3A4A3352E43611B00165F6A /* Lottie in Frameworks */,
			);
			runOnlyForDeploymentPostprocessing = 0;
		};
/* End PBXFrameworksBuildPhase section */

/* Begin PBXGroup section */
		4617247F283C6E3E00E8E219 /* TakeNoteView */ = {
			isa = PBXGroup;
			children = (
				46172480283C6E5900E8E219 /* TakeNoteView.swift */,
			);
			path = TakeNoteView;
			sourceTree = "<group>";
		};
		4629F989283E004C00BD45B5 /* NotificationManager */ = {
			isa = PBXGroup;
			children = (
				4629F98A283E006A00BD45B5 /* NotificationManager.swift */,
			);
			path = NotificationManager;
			sourceTree = "<group>";
		};
		4642BBF2283342080073162A = {
			isa = PBXGroup;
			children = (
				4642BBFD283342080073162A /* TimeCounter */,
				4642BBFC283342080073162A /* Products */,
			);
			sourceTree = "<group>";
		};
		4642BBFC283342080073162A /* Products */ = {
			isa = PBXGroup;
			children = (
				4642BBFB283342080073162A /* TimeCounter.app */,
			);
			name = Products;
			sourceTree = "<group>";
		};
		4642BBFD283342080073162A /* TimeCounter */ = {
			isa = PBXGroup;
			children = (
				4642BC2F28337ABC0073162A /* Info.plist */,
				4642BBFE283342080073162A /* TimeCounterApp.swift */,
				4642BC00283342080073162A /* ContentView.swift */,
				4666B65228349B4C00A5C65E /* View */,
				4642BC15283344900073162A /* Extension */,
				4642BC19283346650073162A /* Help */,
				4642BC12283344470073162A /* Lottie Source */,
				4642BC022833420C0073162A /* Assets.xcassets */,
				4642BC1E283348F00073162A /* Font */,
				4642BC042833420C0073162A /* Preview Content */,
			);
			path = TimeCounter;
			sourceTree = "<group>";
		};
		4642BC042833420C0073162A /* Preview Content */ = {
			isa = PBXGroup;
			children = (
				4642BC052833420C0073162A /* Preview Assets.xcassets */,
			);
			path = "Preview Content";
			sourceTree = "<group>";
		};
		4642BC12283344470073162A /* Lottie Source */ = {
			isa = PBXGroup;
			children = (
				46B3AEC62836340600EF0E65 /* 72515-graduation.json */,
				46B3AEC82836340600EF0E65 /* 83304-birthday-flutterflow-branded.json */,
				46B3AEC428362FDB00EF0E65 /* 61224-beer-can.json */,
				4672AB7C28347DE800ACB775 /* 105407-rocketship-smoke-trail.json */,
				460AD9FF2835D1F70069C15F /* 105599-moody-dog.json */,
				4642BC32283386AC0073162A /* 87082-love-heart.json */,
				460ADA032835D2190069C15F /* 105188-berry-the-old-man.json */,
				4642BC132833445E0073162A /* 105000-tourist-enjoying-the-walk.json */,
			);
			path = "Lottie Source";
			sourceTree = "<group>";
		};
		4642BC15283344900073162A /* Extension */ = {
			isa = PBXGroup;
			children = (
				4642BC17283345740073162A /* Color+extension.swift */,
				467FB868283393B50067FBE8 /* TextField+.swift */,
			);
			path = Extension;
			sourceTree = "<group>";
		};
		4642BC19283346650073162A /* Help */ = {
			isa = PBXGroup;
			children = (
				4642BC1A283346950073162A /* Palette Color .swift */,
				460ADA072835D2AE0069C15F /* LottieImage.swift */,
				46B730EF28475254009B05A2 /* UserDefault+.swift */,
				4642BC3028337B3B0073162A /* Fonts.swift */,
				467FB86428338BC20067FBE8 /* AlertVC+.swift */,
				467D66412834949200D764DF /* MenuPicker.swift */,
				4629F98C283E2DE200BD45B5 /* ImagePicker.swift */,
				4629F989283E004C00BD45B5 /* NotificationManager */,
			);
			path = Help;
			sourceTree = "<group>";
		};
		4642BC1E283348F00073162A /* Font */ = {
			isa = PBXGroup;
			children = (
				4642BC2628337A110073162A /* Technology-Bold.ttf */,
				4642BC2828337A110073162A /* Technology-BoldItalic.ttf */,
				4642BC2728337A110073162A /* Technology-Italic.ttf */,
				4642BC2928337A110073162A /* Technology.ttf */,
			);
			path = Font;
			sourceTree = "<group>";
		};
		465B3DDC28378026004FB66A /* NoteApp */ = {
			isa = PBXGroup;
			children = (
				E38C4108283A146000D4298A /* TodoView */,
			);
			path = NoteApp;
			sourceTree = "<group>";
		};
		4666B65228349B4C00A5C65E /* View */ = {
			isa = PBXGroup;
			children = (
				465B3DDC28378026004FB66A /* NoteApp */,
				4666B65328349B5200A5C65E /* TDetailView */,
			);
			path = View;
			sourceTree = "<group>";
		};
		4666B65328349B5200A5C65E /* TDetailView */ = {
			isa = PBXGroup;
			children = (
				4666B65428349B7500A5C65E /* TDetailView.swift */,
				4666B65628349BB800A5C65E /* TDetailViewModel.swift */,
				E351958E2E44BC7200E9DA40 /* CounterModel.swift */,
				46B3AECC2836436C00EF0E65 /* DateComponent.swift */,
				4642BC242833748E0073162A /* TimerView.swift */,
				4617247F283C6E3E00E8E219 /* TakeNoteView */,
				4666B6582834A3B100A5C65E /* PickColorView */,
			);
			path = TDetailView;
			sourceTree = "<group>";
		};
		4666B6582834A3B100A5C65E /* PickColorView */ = {
			isa = PBXGroup;
			children = (
				4666B6592834A3C600A5C65E /* PickColorView.swift */,
				460AD9FB2835D08F0069C15F /* PickAnimationView.swift */,
			);
			path = PickColorView;
			sourceTree = "<group>";
		};
		E38C4108283A146000D4298A /* TodoView */ = {
			isa = PBXGroup;
			children = (
				E38C410F283A186800D4298A /* TodoView.swift */,
				E38C4111283A187D00D4298A /* TodoViewModel.swift */,
				E38C410B283A14F300D4298A /* TaskModel.swift */,
			);
			path = TodoView;
			sourceTree = "<group>";
		};
/* End PBXGroup section */

/* Begin PBXNativeTarget section */
		4642BBFA283342080073162A /* TimeCounter */ = {
			isa = PBXNativeTarget;
			buildConfigurationList = 4642BC092833420C0073162A /* Build configuration list for PBXNativeTarget "TimeCounter" */;
			buildPhases = (
				4642BBF7283342080073162A /* Sources */,
				4642BBF8283342080073162A /* Frameworks */,
				4642BBF9283342080073162A /* Resources */,
			);
			buildRules = (
			);
			dependencies = (
			);
			name = TimeCounter;
			productName = TimeCounter;
			productReference = 4642BBFB283342080073162A /* TimeCounter.app */;
			productType = "com.apple.product-type.application";
		};
/* End PBXNativeTarget section */

/* Begin PBXProject section */
		4642BBF3283342080073162A /* Project object */ = {
			isa = PBXProject;
			attributes = {
				BuildIndependentTargetsInParallel = 1;
				LastSwiftUpdateCheck = 1310;
				LastUpgradeCheck = 1310;
				TargetAttributes = {
					4642BBFA283342080073162A = {
						CreatedOnToolsVersion = 13.1;
					};
				};
			};
			buildConfigurationList = 4642BBF6283342080073162A /* Build configuration list for PBXProject "TimeCounter" */;
			compatibilityVersion = "Xcode 13.0";
			developmentRegion = en;
			hasScannedForEncodings = 0;
			knownRegions = (
				en,
				Base,
			);
			mainGroup = 4642BBF2283342080073162A;
			packageReferences = (
				E3A4A3332E43611B00165F6A /* XCRemoteSwiftPackageReference "lottie-spm" */,
			);
			productRefGroup = 4642BBFC283342080073162A /* Products */;
			projectDirPath = "";
			projectRoot = "";
			targets = (
				4642BBFA283342080073162A /* TimeCounter */,
			);
		};
/* End PBXProject section */

/* Begin PBXResourcesBuildPhase section */
		4642BBF9283342080073162A /* Resources */ = {
			isa = PBXResourcesBuildPhase;
			buildActionMask = 2147483647;
			files = (
				46B3AEC528362FDB00EF0E65 /* 61224-beer-can.json in Resources */,
				4642BC062833420C0073162A /* Preview Assets.xcassets in Resources */,
				4642BC2C28337A110073162A /* Technology-BoldItalic.ttf in Resources */,
				4642BC33283386AD0073162A /* 87082-love-heart.json in Resources */,
				4642BC2A28337A110073162A /* Technology-Bold.ttf in Resources */,
				4642BC032833420C0073162A /* Assets.xcassets in Resources */,
				4642BC142833445F0073162A /* 105000-tourist-enjoying-the-walk.json in Resources */,
				4672AB7D28347DE800ACB775 /* 105407-rocketship-smoke-trail.json in Resources */,
				46B3AEC92836340600EF0E65 /* 72515-graduation.json in Resources */,
				460ADA002835D1F70069C15F /* 105599-moody-dog.json in Resources */,
				4642BC2D28337A110073162A /* Technology.ttf in Resources */,
				460ADA042835D2190069C15F /* 105188-berry-the-old-man.json in Resources */,
				4642BC2B28337A110073162A /* Technology-Italic.ttf in Resources */,
				46B3AECB2836340600EF0E65 /* 83304-birthday-flutterflow-branded.json in Resources */,
			);
			runOnlyForDeploymentPostprocessing = 0;
		};
/* End PBXResourcesBuildPhase section */

/* Begin PBXSourcesBuildPhase section */
		4642BBF7283342080073162A /* Sources */ = {
			isa = PBXSourcesBuildPhase;
			buildActionMask = 2147483647;
			files = (
				E38C410C283A14F300D4298A /* TaskModel.swift in Sources */,
				E38C4110283A186900D4298A /* TodoView.swift in Sources */,
				46172481283C6E5900E8E219 /* TakeNoteView.swift in Sources */,
				46B730F028475254009B05A2 /* UserDefault+.swift in Sources */,
				4666B65728349BB800A5C65E /* TDetailViewModel.swift in Sources */,
				4642BC3128337B3B0073162A /* Fonts.swift in Sources */,
				467D66422834949200D764DF /* MenuPicker.swift in Sources */,
				467FB869283393B50067FBE8 /* TextField+.swift in Sources */,
				E351958F2E44BC7500E9DA40 /* CounterModel.swift in Sources */,
				4642BC252833748E0073162A /* TimerView.swift in Sources */,
				4642BC01283342080073162A /* ContentView.swift in Sources */,
				460AD9FC2835D08F0069C15F /* PickAnimationView.swift in Sources */,
				4642BC1B283346950073162A /* Palette Color .swift in Sources */,
				E38C4112283A187D00D4298A /* TodoViewModel.swift in Sources */,
				4642BBFF283342080073162A /* TimeCounterApp.swift in Sources */,
				4666B65A2834A3C600A5C65E /* PickColorView.swift in Sources */,
				460ADA082835D2AE0069C15F /* LottieImage.swift in Sources */,
				467FB86528338BC20067FBE8 /* AlertVC+.swift in Sources */,
				4666B65528349B7500A5C65E /* TDetailView.swift in Sources */,
				46B3AECD2836436C00EF0E65 /* DateComponent.swift in Sources */,
				4629F98D283E2DE200BD45B5 /* ImagePicker.swift in Sources */,
				4642BC18283345740073162A /* Color+extension.swift in Sources */,
				4629F98B283E006A00BD45B5 /* NotificationManager.swift in Sources */,
			);
			runOnlyForDeploymentPostprocessing = 0;
		};
/* End PBXSourcesBuildPhase section */

/* Begin XCBuildConfiguration section */
		4642BC072833420C0073162A /* Debug */ = {
			isa = XCBuildConfiguration;
			buildSettings = {
				ALWAYS_SEARCH_USER_PATHS = NO;
				CLANG_ANALYZER_NONNULL = YES;
				CLANG_ANALYZER_NUMBER_OBJECT_CONVERSION = YES_AGGRESSIVE;
				CLANG_CXX_LANGUAGE_STANDARD = "gnu++17";
				CLANG_CXX_LIBRARY = "libc++";
				CLANG_ENABLE_MODULES = YES;
				CLANG_ENABLE_OBJC_ARC = YES;
				CLANG_ENABLE_OBJC_WEAK = YES;
				CLANG_WARN_BLOCK_CAPTURE_AUTORELEASING = YES;
				CLANG_WARN_BOOL_CONVERSION = YES;
				CLANG_WARN_COMMA = YES;
				CLANG_WARN_CONSTANT_CONVERSION = YES;
				CLANG_WARN_DEPRECATED_OBJC_IMPLEMENTATIONS = YES;
				CLANG_WARN_DIRECT_OBJC_ISA_USAGE = YES_ERROR;
				CLANG_WARN_DOCUMENTATION_COMMENTS = YES;
				CLANG_WARN_EMPTY_BODY = YES;
				CLANG_WARN_ENUM_CONVERSION = YES;
				CLANG_WARN_INFINITE_RECURSION = YES;
				CLANG_WARN_INT_CONVERSION = YES;
				CLANG_WARN_NON_LITERAL_NULL_CONVERSION = YES;
				CLANG_WARN_OBJC_IMPLICIT_RETAIN_SELF = YES;
				CLANG_WARN_OBJC_LITERAL_CONVERSION = YES;
				CLANG_WARN_OBJC_ROOT_CLASS = YES_ERROR;
				CLANG_WARN_QUOTED_INCLUDE_IN_FRAMEWORK_HEADER = YES;
				CLANG_WARN_RANGE_LOOP_ANALYSIS = YES;
				CLANG_WARN_STRICT_PROTOTYPES = YES;
				CLANG_WARN_SUSPICIOUS_MOVE = YES;
				CLANG_WARN_UNGUARDED_AVAILABILITY = YES_AGGRESSIVE;
				CLANG_WARN_UNREACHABLE_CODE = YES;
				CLANG_WARN__DUPLICATE_METHOD_MATCH = YES;
				COPY_PHASE_STRIP = NO;
				DEAD_CODE_STRIPPING = NO;
				DEBUG_INFORMATION_FORMAT = dwarf;
				ENABLE_STRICT_OBJC_MSGSEND = YES;
				ENABLE_TESTABILITY = YES;
				GCC_C_LANGUAGE_STANDARD = gnu11;
				GCC_DYNAMIC_NO_PIC = NO;
				GCC_NO_COMMON_BLOCKS = YES;
				GCC_OPTIMIZATION_LEVEL = 0;
				GCC_PREPROCESSOR_DEFINITIONS = (
					"DEBUG=1",
					"$(inherited)",
				);
				GCC_WARN_64_TO_32_BIT_CONVERSION = YES;
				GCC_WARN_ABOUT_RETURN_TYPE = YES_ERROR;
				GCC_WARN_UNDECLARED_SELECTOR = YES;
				GCC_WARN_UNINITIALIZED_AUTOS = YES_AGGRESSIVE;
				GCC_WARN_UNUSED_FUNCTION = YES;
				GCC_WARN_UNUSED_VARIABLE = YES;
				IPHONEOS_DEPLOYMENT_TARGET = 15.0;
				MTL_ENABLE_DEBUG_INFO = INCLUDE_SOURCE;
				MTL_FAST_MATH = YES;
				ONLY_ACTIVE_ARCH = YES;
				SDKROOT = iphoneos;
				SWIFT_ACTIVE_COMPILATION_CONDITIONS = DEBUG;
				SWIFT_OPTIMIZATION_LEVEL = "-Onone";
			};
			name = Debug;
		};
		4642BC082833420C0073162A /* Release */ = {
			isa = XCBuildConfiguration;
			buildSettings = {
				ALWAYS_SEARCH_USER_PATHS = NO;
				CLANG_ANALYZER_NONNULL = YES;
				CLANG_ANALYZER_NUMBER_OBJECT_CONVERSION = YES_AGGRESSIVE;
				CLANG_CXX_LANGUAGE_STANDARD = "gnu++17";
				CLANG_CXX_LIBRARY = "libc++";
				CLANG_ENABLE_MODULES = YES;
				CLANG_ENABLE_OBJC_ARC = YES;
				CLANG_ENABLE_OBJC_WEAK = YES;
				CLANG_WARN_BLOCK_CAPTURE_AUTORELEASING = YES;
				CLANG_WARN_BOOL_CONVERSION = YES;
				CLANG_WARN_COMMA = YES;
				CLANG_WARN_CONSTANT_CONVERSION = YES;
				CLANG_WARN_DEPRECATED_OBJC_IMPLEMENTATIONS = YES;
				CLANG_WARN_DIRECT_OBJC_ISA_USAGE = YES_ERROR;
				CLANG_WARN_DOCUMENTATION_COMMENTS = YES;
				CLANG_WARN_EMPTY_BODY = YES;
				CLANG_WARN_ENUM_CONVERSION = YES;
				CLANG_WARN_INFINITE_RECURSION = YES;
				CLANG_WARN_INT_CONVERSION = YES;
				CLANG_WARN_NON_LITERAL_NULL_CONVERSION = YES;
				CLANG_WARN_OBJC_IMPLICIT_RETAIN_SELF = YES;
				CLANG_WARN_OBJC_LITERAL_CONVERSION = YES;
				CLANG_WARN_OBJC_ROOT_CLASS = YES_ERROR;
				CLANG_WARN_QUOTED_INCLUDE_IN_FRAMEWORK_HEADER = YES;
				CLANG_WARN_RANGE_LOOP_ANALYSIS = YES;
				CLANG_WARN_STRICT_PROTOTYPES = YES;
				CLANG_WARN_SUSPICIOUS_MOVE = YES;
				CLANG_WARN_UNGUARDED_AVAILABILITY = YES_AGGRESSIVE;
				CLANG_WARN_UNREACHABLE_CODE = YES;
				CLANG_WARN__DUPLICATE_METHOD_MATCH = YES;
				COPY_PHASE_STRIP = NO;
				DEAD_CODE_STRIPPING = NO;
				DEBUG_INFORMATION_FORMAT = "dwarf-with-dsym";
				ENABLE_NS_ASSERTIONS = NO;
				ENABLE_STRICT_OBJC_MSGSEND = YES;
				GCC_C_LANGUAGE_STANDARD = gnu11;
				GCC_NO_COMMON_BLOCKS = YES;
				GCC_WARN_64_TO_32_BIT_CONVERSION = YES;
				GCC_WARN_ABOUT_RETURN_TYPE = YES_ERROR;
				GCC_WARN_UNDECLARED_SELECTOR = YES;
				GCC_WARN_UNINITIALIZED_AUTOS = YES_AGGRESSIVE;
				GCC_WARN_UNUSED_FUNCTION = YES;
				GCC_WARN_UNUSED_VARIABLE = YES;
				IPHONEOS_DEPLOYMENT_TARGET = 15.0;
				MTL_ENABLE_DEBUG_INFO = NO;
				MTL_FAST_MATH = YES;
				SDKROOT = iphoneos;
				SWIFT_COMPILATION_MODE = wholemodule;
				SWIFT_OPTIMIZATION_LEVEL = "-O";
				VALIDATE_PRODUCT = YES;
			};
			name = Release;
		};
		4642BC0A2833420C0073162A /* Debug */ = {
			isa = XCBuildConfiguration;
			buildSettings = {
				ASSETCATALOG_COMPILER_APPICON_NAME = AppIcon;
				ASSETCATALOG_COMPILER_GLOBAL_ACCENT_COLOR_NAME = AccentColor;
				CODE_SIGN_STYLE = Automatic;
				CURRENT_PROJECT_VERSION = 1;
				DEVELOPMENT_ASSET_PATHS = "\"TimeCounter/Preview Content\"";
				ENABLE_PREVIEWS = YES;
				GENERATE_INFOPLIST_FILE = YES;
				INFOPLIST_FILE = TimeCounter/Info.plist;
				INFOPLIST_KEY_UIApplicationSceneManifest_Generation = YES;
				INFOPLIST_KEY_UIApplicationSupportsIndirectInputEvents = YES;
				INFOPLIST_KEY_UILaunchScreen_Generation = YES;
				INFOPLIST_KEY_UISupportedInterfaceOrientations_iPad = "UIInterfaceOrientationPortrait UIInterfaceOrientationPortraitUpsideDown UIInterfaceOrientationLandscapeLeft UIInterfaceOrientationLandscapeRight";
				INFOPLIST_KEY_UISupportedInterfaceOrientations_iPhone = "UIInterfaceOrientationPortrait UIInterfaceOrientationLandscapeLeft UIInterfaceOrientationLandscapeRight";
				IPHONEOS_DEPLOYMENT_TARGET = 16.0;
				LD_RUNPATH_SEARCH_PATHS = (
					"$(inherited)",
					"@executable_path/Frameworks",
				);
				MARKETING_VERSION = 1.0;
				PRODUCT_BUNDLE_IDENTIFIER = com.TimeCounter;
				PRODUCT_NAME = "$(TARGET_NAME)";
				SWIFT_EMIT_LOC_STRINGS = YES;
				SWIFT_VERSION = 5.0;
				TARGETED_DEVICE_FAMILY = "1,2";
			};
			name = Debug;
		};
		4642BC0B2833420C0073162A /* Release */ = {
			isa = XCBuildConfiguration;
			buildSettings = {
				ASSETCATALOG_COMPILER_APPICON_NAME = AppIcon;
				ASSETCATALOG_COMPILER_GLOBAL_ACCENT_COLOR_NAME = AccentColor;
				CODE_SIGN_STYLE = Automatic;
				CURRENT_PROJECT_VERSION = 1;
				DEVELOPMENT_ASSET_PATHS = "\"TimeCounter/Preview Content\"";
				ENABLE_PREVIEWS = YES;
				GENERATE_INFOPLIST_FILE = YES;
				INFOPLIST_FILE = TimeCounter/Info.plist;
				INFOPLIST_KEY_UIApplicationSceneManifest_Generation = YES;
				INFOPLIST_KEY_UIApplicationSupportsIndirectInputEvents = YES;
				INFOPLIST_KEY_UILaunchScreen_Generation = YES;
				INFOPLIST_KEY_UISupportedInterfaceOrientations_iPad = "UIInterfaceOrientationPortrait UIInterfaceOrientationPortraitUpsideDown UIInterfaceOrientationLandscapeLeft UIInterfaceOrientationLandscapeRight";
				INFOPLIST_KEY_UISupportedInterfaceOrientations_iPhone = "UIInterfaceOrientationPortrait UIInterfaceOrientationLandscapeLeft UIInterfaceOrientationLandscapeRight";
				IPHONEOS_DEPLOYMENT_TARGET = 16.0;
				LD_RUNPATH_SEARCH_PATHS = (
					"$(inherited)",
					"@executable_path/Frameworks",
				);
				MARKETING_VERSION = 1.0;
				PRODUCT_BUNDLE_IDENTIFIER = com.TimeCounter;
				PRODUCT_NAME = "$(TARGET_NAME)";
				SWIFT_EMIT_LOC_STRINGS = YES;
				SWIFT_VERSION = 5.0;
				TARGETED_DEVICE_FAMILY = "1,2";
			};
			name = Release;
		};
/* End XCBuildConfiguration section */

/* Begin XCConfigurationList section */
		4642BBF6283342080073162A /* Build configuration list for PBXProject "TimeCounter" */ = {
			isa = XCConfigurationList;
			buildConfigurations = (
				4642BC072833420C0073162A /* Debug */,
				4642BC082833420C0073162A /* Release */,
			);
			defaultConfigurationIsVisible = 0;
			defaultConfigurationName = Release;
		};
		4642BC092833420C0073162A /* Build configuration list for PBXNativeTarget "TimeCounter" */ = {
			isa = XCConfigurationList;
			buildConfigurations = (
				4642BC0A2833420C0073162A /* Debug */,
				4642BC0B2833420C0073162A /* Release */,
			);
			defaultConfigurationIsVisible = 0;
			defaultConfigurationName = Release;
		};
/* End XCConfigurationList section */

/* Begin XCRemoteSwiftPackageReference section */
		E3A4A3332E43611B00165F6A /* XCRemoteSwiftPackageReference "lottie-spm" */ = {
			isa = XCRemoteSwiftPackageReference;
			repositoryURL = "https://github.com/airbnb/lottie-spm.git";
			requirement = {
				kind = upToNextMajorVersion;
				minimumVersion = 4.5.2;
			};
		};
/* End XCRemoteSwiftPackageReference section */

/* Begin XCSwiftPackageProductDependency section */
		E3A4A3342E43611B00165F6A /* Lottie */ = {
			isa = XCSwiftPackageProductDependency;
			package = E3A4A3332E43611B00165F6A /* XCRemoteSwiftPackageReference "lottie-spm" */;
			productName = Lottie;
		};
/* End XCSwiftPackageProductDependency section */
	};
	rootObject = 4642BBF3283342080073162A /* Project object */;
}
